github.com/Gebes/there/v2 v2.1.2 h1:6lgM9cO4z2VKtnOVhqr1LgTyVac4F3eIH56LFZJHkcM=
github.com/Gebes/there/v2 v2.1.2/go.mod h1:ZwMwk3M2FfAx86ZXqd4NKTeve3sYsS2qR54rTE4SQFg=
github.com/pkg/errors v0.9.1 h1:FEBLx1zS214owpjy7qsBeixbURkuhQAwrK5UwLGTwt4=
github.com/pkg/errors v0.9.1/go.mod h1:bwawxfHBFNV+L2hUp1rHADufV3IMtnDRdf1r5NINEl0=
github.com/ysmood/got v0.17.3 h1:V7a2FmemVOVnxOofhtgGuIezqHJMjWRAAYxLI9xaqww=
github.com/ysmood/got v0.17.3/go.mod h1:pE1l4LOwOBhQg6A/8IAatkGp7uZjnalzrZolnlhhMgY=
